
Microsoft Visual Studio Solution File, Format Version 12.00
# Visual Studio Version 16
VisualStudioVersion = 16.0.30621.155
MinimumVisualStudioVersion = 10.0.40219.1
Project("{F184B08F-C81C-45F6-A57F-5ABD9991F28F}") = "Assignment18_HW", "Assignment18_HW\Assignment18_HW.vbproj", "{BDFAFFB8-E29D-4ADD-B978-FE52EEF9358F}"
EndProject
Global
	GlobalSection(SolutionConfigurationPlatforms) = preSolution
		Debug|Any CPU = Debug|Any CPU
		Release|Any CPU = Release|Any CPU
	EndGlobalSection
	GlobalSection(ProjectConfigurationPlatforms) = postSolution
		{BDFAFFB8-E29D-4ADD-B978-FE52EEF9358F}.Debug|Any CPU.ActiveCfg = Debug|Any CPU
		{BDFAFFB8-E29D-4ADD-B978-FE52EEF9358F}.Debug|Any CPU.Build.0 = Debug|Any CPU
		{BDFAFFB8-E29D-4ADD-B978-FE52EEF9358F}.Release|Any CPU.ActiveCfg = Release|Any CPU
		{BDFAFFB8-E29D-4ADD-B978-FE52EEF9358F}.Release|Any CPU.Build.0 = Release|Any CPU
	EndGlobalSection
	GlobalSection(SolutionProperties) = preSolution
		HideSolutionNode = FALSE
	EndGlobalSection
	GlobalSection(ExtensibilityGlobals) = postSolution
		SolutionGuid = {9E267936-09C6-4457-8A54-A699AA9FB45C}
	EndGlobalSection
EndGlobal
