
Microsoft Visual Studio Solution File, Format Version 12.00
# Visual Studio 15
VisualStudioVersion = 15.0.28307.705
MinimumVisualStudioVersion = 10.0.40219.1
Project("{F184B08F-C81C-45F6-A57F-5ABD9991F28F}") = "VacationCost", "VacationCost\VacationCost.vbproj", "{2C20F10A-8F6A-4973-8C28-28B0B10E6D72}"
EndProject
Global
	GlobalSection(SolutionConfigurationPlatforms) = preSolution
		Debug|Any CPU = Debug|Any CPU
		Release|Any CPU = Release|Any CPU
	EndGlobalSection
	GlobalSection(ProjectConfigurationPlatforms) = postSolution
		{2C20F10A-8F6A-4973-8C28-28B0B10E6D72}.Debug|Any CPU.ActiveCfg = Debug|Any CPU
		{2C20F10A-8F6A-4973-8C28-28B0B10E6D72}.Debug|Any CPU.Build.0 = Debug|Any CPU
		{2C20F10A-8F6A-4973-8C28-28B0B10E6D72}.Release|Any CPU.ActiveCfg = Release|Any CPU
		{2C20F10A-8F6A-4973-8C28-28B0B10E6D72}.Release|Any CPU.Build.0 = Release|Any CPU
	EndGlobalSection
	GlobalSection(SolutionProperties) = preSolution
		HideSolutionNode = FALSE
	EndGlobalSection
	GlobalSection(ExtensibilityGlobals) = postSolution
		SolutionGuid = {CA198950-4C14-4BBC-95AD-A516DF871C93}
	EndGlobalSection
EndGlobal
