
Microsoft Visual Studio Solution File, Format Version 12.00
# Visual Studio Version 16
VisualStudioVersion = 16.0.30621.155
MinimumVisualStudioVersion = 10.0.40219.1
Project("{F184B08F-C81C-45F6-A57F-5ABD9991F28F}") = "Assignemt16_HW", "Assignemt16_HW\Assignemt16_HW.vbproj", "{31175BDF-7490-4171-B727-E40276CC4587}"
EndProject
Global
	GlobalSection(SolutionConfigurationPlatforms) = preSolution
		Debug|Any CPU = Debug|Any CPU
		Release|Any CPU = Release|Any CPU
	EndGlobalSection
	GlobalSection(ProjectConfigurationPlatforms) = postSolution
		{31175BDF-7490-4171-B727-E40276CC4587}.Debug|Any CPU.ActiveCfg = Debug|Any CPU
		{31175BDF-7490-4171-B727-E40276CC4587}.Debug|Any CPU.Build.0 = Debug|Any CPU
		{31175BDF-7490-4171-B727-E40276CC4587}.Release|Any CPU.ActiveCfg = Release|Any CPU
		{31175BDF-7490-4171-B727-E40276CC4587}.Release|Any CPU.Build.0 = Release|Any CPU
	EndGlobalSection
	GlobalSection(SolutionProperties) = preSolution
		HideSolutionNode = FALSE
	EndGlobalSection
	GlobalSection(ExtensibilityGlobals) = postSolution
		SolutionGuid = {7D3F726C-FD6D-4818-B76E-8F46BC2429FC}
	EndGlobalSection
EndGlobal
