
Microsoft Visual Studio Solution File, Format Version 12.00
# Visual Studio 15
VisualStudioVersion = 15.0.28307.705
MinimumVisualStudioVersion = 10.0.40219.1
Project("{F184B08F-C81C-45F6-A57F-5ABD9991F28F}") = "CellPhonePackages_Solution", "CellPhonePackages_Solution\CellPhonePackages_Solution.vbproj", "{8772ED2F-F462-435B-ADF3-3803E6CA3F44}"
EndProject
Global
	GlobalSection(SolutionConfigurationPlatforms) = preSolution
		Debug|Any CPU = Debug|Any CPU
		Release|Any CPU = Release|Any CPU
	EndGlobalSection
	GlobalSection(ProjectConfigurationPlatforms) = postSolution
		{8772ED2F-F462-435B-ADF3-3803E6CA3F44}.Debug|Any CPU.ActiveCfg = Debug|Any CPU
		{8772ED2F-F462-435B-ADF3-3803E6CA3F44}.Debug|Any CPU.Build.0 = Debug|Any CPU
		{8772ED2F-F462-435B-ADF3-3803E6CA3F44}.Release|Any CPU.ActiveCfg = Release|Any CPU
		{8772ED2F-F462-435B-ADF3-3803E6CA3F44}.Release|Any CPU.Build.0 = Release|Any CPU
	EndGlobalSection
	GlobalSection(SolutionProperties) = preSolution
		HideSolutionNode = FALSE
	EndGlobalSection
	GlobalSection(ExtensibilityGlobals) = postSolution
		SolutionGuid = {EFF86356-F6FB-4BB2-9D5A-FA8D5A311378}
	EndGlobalSection
EndGlobal
